
Microsoft Visual Studio Solution File, Format Version 12.00
# Visual Studio Version 16
VisualStudioVersion = 16.0.32126.315
MinimumVisualStudioVersion = 10.0.40219.1
Project("{8BC9CEB8-8B4A-11D0-8D11-00A0C91BC942}") = "structure54.8", "structure54.8\structure54.8.vcxproj", "{BF5715A2-2A57-402A-B1E9-68F7FA7CF843}"
EndProject
Global
	GlobalSection(SolutionConfigurationPlatforms) = preSolution
		Debug|x64 = Debug|x64
		Debug|x86 = Debug|x86
		Release|x64 = Release|x64
		Release|x86 = Release|x86
	EndGlobalSection
	GlobalSection(ProjectConfigurationPlatforms) = postSolution
		{BF5715A2-2A57-402A-B1E9-68F7FA7CF843}.Debug|x64.ActiveCfg = Debug|x64
		{BF5715A2-2A57-402A-B1E9-68F7FA7CF843}.Debug|x64.Build.0 = Debug|x64
		{BF5715A2-2A57-402A-B1E9-68F7FA7CF843}.Debug|x86.ActiveCfg = Debug|Win32
		{BF5715A2-2A57-402A-B1E9-68F7FA7CF843}.Debug|x86.Build.0 = Debug|Win32
		{BF5715A2-2A57-402A-B1E9-68F7FA7CF843}.Release|x64.ActiveCfg = Release|x64
		{BF5715A2-2A57-402A-B1E9-68F7FA7CF843}.Release|x64.Build.0 = Release|x64
		{BF5715A2-2A57-402A-B1E9-68F7FA7CF843}.Release|x86.ActiveCfg = Release|Win32
		{BF5715A2-2A57-402A-B1E9-68F7FA7CF843}.Release|x86.Build.0 = Release|Win32
	EndGlobalSection
	GlobalSection(SolutionProperties) = preSolution
		HideSolutionNode = FALSE
	EndGlobalSection
	GlobalSection(ExtensibilityGlobals) = postSolution
		SolutionGuid = {88F9E396-6B8D-4A1A-A367-CABA40EAF8A5}
	EndGlobalSection
EndGlobal
