
Microsoft Visual Studio Solution File, Format Version 12.00
# Visual Studio Version 16
VisualStudioVersion = 16.0.32126.315
MinimumVisualStudioVersion = 10.0.40219.1
Project("{8BC9CEB8-8B4A-11D0-8D11-00A0C91BC942}") = "structure55.8", "structure55.8\structure55.8.vcxproj", "{CDFB335F-7119-4CF4-92AC-6C9347025E87}"
EndProject
Global
	GlobalSection(SolutionConfigurationPlatforms) = preSolution
		Debug|x64 = Debug|x64
		Debug|x86 = Debug|x86
		Release|x64 = Release|x64
		Release|x86 = Release|x86
	EndGlobalSection
	GlobalSection(ProjectConfigurationPlatforms) = postSolution
		{CDFB335F-7119-4CF4-92AC-6C9347025E87}.Debug|x64.ActiveCfg = Debug|x64
		{CDFB335F-7119-4CF4-92AC-6C9347025E87}.Debug|x64.Build.0 = Debug|x64
		{CDFB335F-7119-4CF4-92AC-6C9347025E87}.Debug|x86.ActiveCfg = Debug|Win32
		{CDFB335F-7119-4CF4-92AC-6C9347025E87}.Debug|x86.Build.0 = Debug|Win32
		{CDFB335F-7119-4CF4-92AC-6C9347025E87}.Release|x64.ActiveCfg = Release|x64
		{CDFB335F-7119-4CF4-92AC-6C9347025E87}.Release|x64.Build.0 = Release|x64
		{CDFB335F-7119-4CF4-92AC-6C9347025E87}.Release|x86.ActiveCfg = Release|Win32
		{CDFB335F-7119-4CF4-92AC-6C9347025E87}.Release|x86.Build.0 = Release|Win32
	EndGlobalSection
	GlobalSection(SolutionProperties) = preSolution
		HideSolutionNode = FALSE
	EndGlobalSection
	GlobalSection(ExtensibilityGlobals) = postSolution
		SolutionGuid = {66C671E1-AC33-4DD1-8A1A-CD3A3F8BF412}
	EndGlobalSection
EndGlobal
