
Microsoft Visual Studio Solution File, Format Version 12.00
# Visual Studio Version 16
VisualStudioVersion = 16.0.32126.315
MinimumVisualStudioVersion = 10.0.40219.1
Project("{8BC9CEB8-8B4A-11D0-8D11-00A0C91BC942}") = "structure58.4", "structure58.4\structure58.4.vcxproj", "{82DB916F-D5E8-48B1-90BA-CF469C1CA977}"
EndProject
Global
	GlobalSection(SolutionConfigurationPlatforms) = preSolution
		Debug|x64 = Debug|x64
		Debug|x86 = Debug|x86
		Release|x64 = Release|x64
		Release|x86 = Release|x86
	EndGlobalSection
	GlobalSection(ProjectConfigurationPlatforms) = postSolution
		{82DB916F-D5E8-48B1-90BA-CF469C1CA977}.Debug|x64.ActiveCfg = Debug|x64
		{82DB916F-D5E8-48B1-90BA-CF469C1CA977}.Debug|x64.Build.0 = Debug|x64
		{82DB916F-D5E8-48B1-90BA-CF469C1CA977}.Debug|x86.ActiveCfg = Debug|Win32
		{82DB916F-D5E8-48B1-90BA-CF469C1CA977}.Debug|x86.Build.0 = Debug|Win32
		{82DB916F-D5E8-48B1-90BA-CF469C1CA977}.Release|x64.ActiveCfg = Release|x64
		{82DB916F-D5E8-48B1-90BA-CF469C1CA977}.Release|x64.Build.0 = Release|x64
		{82DB916F-D5E8-48B1-90BA-CF469C1CA977}.Release|x86.ActiveCfg = Release|Win32
		{82DB916F-D5E8-48B1-90BA-CF469C1CA977}.Release|x86.Build.0 = Release|Win32
	EndGlobalSection
	GlobalSection(SolutionProperties) = preSolution
		HideSolutionNode = FALSE
	EndGlobalSection
	GlobalSection(ExtensibilityGlobals) = postSolution
		SolutionGuid = {36AA3E75-3804-48B8-8824-071F327C28B1}
	EndGlobalSection
EndGlobal
