
Microsoft Visual Studio Solution File, Format Version 12.00
# Visual Studio Version 16
VisualStudioVersion = 16.0.32126.315
MinimumVisualStudioVersion = 10.0.40219.1
Project("{8BC9CEB8-8B4A-11D0-8D11-00A0C91BC942}") = "structure57.2", "structure57.2\structure57.2.vcxproj", "{05B495EC-AD11-4015-8786-F282A7229414}"
EndProject
Global
	GlobalSection(SolutionConfigurationPlatforms) = preSolution
		Debug|x64 = Debug|x64
		Debug|x86 = Debug|x86
		Release|x64 = Release|x64
		Release|x86 = Release|x86
	EndGlobalSection
	GlobalSection(ProjectConfigurationPlatforms) = postSolution
		{05B495EC-AD11-4015-8786-F282A7229414}.Debug|x64.ActiveCfg = Debug|x64
		{05B495EC-AD11-4015-8786-F282A7229414}.Debug|x64.Build.0 = Debug|x64
		{05B495EC-AD11-4015-8786-F282A7229414}.Debug|x86.ActiveCfg = Debug|Win32
		{05B495EC-AD11-4015-8786-F282A7229414}.Debug|x86.Build.0 = Debug|Win32
		{05B495EC-AD11-4015-8786-F282A7229414}.Release|x64.ActiveCfg = Release|x64
		{05B495EC-AD11-4015-8786-F282A7229414}.Release|x64.Build.0 = Release|x64
		{05B495EC-AD11-4015-8786-F282A7229414}.Release|x86.ActiveCfg = Release|Win32
		{05B495EC-AD11-4015-8786-F282A7229414}.Release|x86.Build.0 = Release|Win32
	EndGlobalSection
	GlobalSection(SolutionProperties) = preSolution
		HideSolutionNode = FALSE
	EndGlobalSection
	GlobalSection(ExtensibilityGlobals) = postSolution
		SolutionGuid = {54938C62-3CA3-47AF-85BD-3617043DCB94}
	EndGlobalSection
EndGlobal
