
Microsoft Visual Studio Solution File, Format Version 12.00
# Visual Studio Version 16
VisualStudioVersion = 16.0.32126.315
MinimumVisualStudioVersion = 10.0.40219.1
Project("{8BC9CEB8-8B4A-11D0-8D11-00A0C91BC942}") = "structure48.9", "structure48.9\structure48.9.vcxproj", "{1596D67A-F3F6-4847-B8D2-83D03F3A7E11}"
EndProject
Global
	GlobalSection(SolutionConfigurationPlatforms) = preSolution
		Debug|x64 = Debug|x64
		Debug|x86 = Debug|x86
		Release|x64 = Release|x64
		Release|x86 = Release|x86
	EndGlobalSection
	GlobalSection(ProjectConfigurationPlatforms) = postSolution
		{1596D67A-F3F6-4847-B8D2-83D03F3A7E11}.Debug|x64.ActiveCfg = Debug|x64
		{1596D67A-F3F6-4847-B8D2-83D03F3A7E11}.Debug|x64.Build.0 = Debug|x64
		{1596D67A-F3F6-4847-B8D2-83D03F3A7E11}.Debug|x86.ActiveCfg = Debug|Win32
		{1596D67A-F3F6-4847-B8D2-83D03F3A7E11}.Debug|x86.Build.0 = Debug|Win32
		{1596D67A-F3F6-4847-B8D2-83D03F3A7E11}.Release|x64.ActiveCfg = Release|x64
		{1596D67A-F3F6-4847-B8D2-83D03F3A7E11}.Release|x64.Build.0 = Release|x64
		{1596D67A-F3F6-4847-B8D2-83D03F3A7E11}.Release|x86.ActiveCfg = Release|Win32
		{1596D67A-F3F6-4847-B8D2-83D03F3A7E11}.Release|x86.Build.0 = Release|Win32
	EndGlobalSection
	GlobalSection(SolutionProperties) = preSolution
		HideSolutionNode = FALSE
	EndGlobalSection
	GlobalSection(ExtensibilityGlobals) = postSolution
		SolutionGuid = {DA916F28-6208-4BA6-8666-9A691538500A}
	EndGlobalSection
EndGlobal
