
Microsoft Visual Studio Solution File, Format Version 12.00
# Visual Studio Version 16
VisualStudioVersion = 16.0.32126.315
MinimumVisualStudioVersion = 10.0.40219.1
Project("{8BC9CEB8-8B4A-11D0-8D11-00A0C91BC942}") = "structure58.1", "structure58.1\structure58.1.vcxproj", "{8DEF7824-E892-4C91-AC70-D9F25D2EE2A7}"
EndProject
Global
	GlobalSection(SolutionConfigurationPlatforms) = preSolution
		Debug|x64 = Debug|x64
		Debug|x86 = Debug|x86
		Release|x64 = Release|x64
		Release|x86 = Release|x86
	EndGlobalSection
	GlobalSection(ProjectConfigurationPlatforms) = postSolution
		{8DEF7824-E892-4C91-AC70-D9F25D2EE2A7}.Debug|x64.ActiveCfg = Debug|x64
		{8DEF7824-E892-4C91-AC70-D9F25D2EE2A7}.Debug|x64.Build.0 = Debug|x64
		{8DEF7824-E892-4C91-AC70-D9F25D2EE2A7}.Debug|x86.ActiveCfg = Debug|Win32
		{8DEF7824-E892-4C91-AC70-D9F25D2EE2A7}.Debug|x86.Build.0 = Debug|Win32
		{8DEF7824-E892-4C91-AC70-D9F25D2EE2A7}.Release|x64.ActiveCfg = Release|x64
		{8DEF7824-E892-4C91-AC70-D9F25D2EE2A7}.Release|x64.Build.0 = Release|x64
		{8DEF7824-E892-4C91-AC70-D9F25D2EE2A7}.Release|x86.ActiveCfg = Release|Win32
		{8DEF7824-E892-4C91-AC70-D9F25D2EE2A7}.Release|x86.Build.0 = Release|Win32
	EndGlobalSection
	GlobalSection(SolutionProperties) = preSolution
		HideSolutionNode = FALSE
	EndGlobalSection
	GlobalSection(ExtensibilityGlobals) = postSolution
		SolutionGuid = {7E0A8326-860C-4DC9-8BA6-4AD9D11F7702}
	EndGlobalSection
EndGlobal
